PODS:
  - FGPopupScheduler-Swift (0.5.0)

DEPENDENCIES:
  - FGPopupScheduler-Swift (from `../`)

EXTERNAL SOURCES:
  FGPopupScheduler-Swift:
    :path: "../"

SPEC CHECKSUMS:
  FGPopupScheduler-Swift: f48a1bb5d8f456ccc3dd650d879d1cc606d1307b

PODFILE CHECKSUM: c994ed2a4d891aa6b71a539a98d27234fe339fe9

COCOAPODS: 1.11.2
